// !$*UTF8*$!
{
	archiveVersion = 1;
	classes = {
	};
	objectVersion = 50;
	objects = {

/* Begin PBXBuildFile section */
		76B5E05E25013A5D00F530BD /* AppDelegate.swift in Sources */ = {isa = PBXBuildFile; fileRef = 76B5E05D25013A5D00F530BD /* AppDelegate.swift */; };
		76B5E06025013A5D00F530BD /* SceneDelegate.swift in Sources */ = {isa = PBXBuildFile; fileRef = 76B5E05F25013A5D00F530BD /* SceneDelegate.swift */; };
		76B5E06225013A5D00F530BD /* ViewController.swift in Sources */ = {isa = PBXBuildFile; fileRef = 76B5E06125013A5D00F530BD /* ViewController.swift */; };
		76B5E06525013A5D00F530BD /* Main.storyboard in Resources */ = {isa = PBXBuildFile; fileRef = 76B5E06325013A5D00F530BD /* Main.storyboard */; };
		76B5E06725013A5F00F530BD /* Assets.xcassets in Resources */ = {isa = PBXBuildFile; fileRef = 76B5E06625013A5F00F530BD /* Assets.xcassets */; };
		76B5E06A25013A5F00F530BD /* LaunchScreen.storyboard in Resources */ = {isa = PBXBuildFile; fileRef = 76B5E06825013A5F00F530BD /* LaunchScreen.storyboard */; };
/* End PBXBuildFile section */

/* Begin PBXFileReference section */
		76B5E05A25013A5D00F530BD /* MetricsTest.app */ = {isa = PBXFileReference; explicitFileType = wrapper.application; includeInIndex = 0; path = MetricsTest.app; sourceTree = BUILT_PRODUCTS_DIR; };
		76B5E05D25013A5D00F530BD /* AppDelegate.swift */ = {isa = PBXFileReference; lastKnownFileType = sourcecode.swift; path = AppDelegate.swift; sourceTree = "<group>"; };
		76B5E05F25013A5D00F530BD /* SceneDelegate.swift */ = {isa = PBXFileReference; lastKnownFileType = sourcecode.swift; path = SceneDelegate.swift; sourceTree = "<group>"; };
		76B5E06125013A5D00F530BD /* ViewController.swift */ = {isa = PBXFileReference; lastKnownFileType = sourcecode.swift; path = ViewController.swift; sourceTree = "<group>"; };
		76B5E06425013A5D00F530BD /* Base */ = {isa = PBXFileReference; lastKnownFileType = file.storyboard; name = Base; path = Base.lproj/Main.storyboard; sourceTree = "<group>"; };
		76B5E06625013A5F00F530BD /* Assets.xcassets */ = {isa = PBXFileReference; lastKnownFileType = folder.assetcatalog; path = Assets.xcassets; sourceTree = "<group>"; };
		76B5E06925013A5F00F530BD /* Base */ = {isa = PBXFileReference; lastKnownFileType = file.storyboard; name = Base; path = Base.lproj/LaunchScreen.storyboard; sourceTree = "<group>"; };
		76B5E06B25013A5F00F530BD /* Info.plist */ = {isa = PBXFileReference; lastKnownFileType = text.plist.xml; path = Info.plist; sourceTree = "<group>"; };
/* End PBXFileReference section */

/* Begin PBXFrameworksBuildPhase section */
		76B5E05725013A5D00F530BD /* Frameworks */ = {
			isa = PBXFrameworksBuildPhase;
			buildActionMask = 2147483647;
			files = (
			);
			runOnlyForDeploymentPostprocessing = 0;
		};
/* End PBXFrameworksBuildPhase section */

/* Begin PBXGroup section */
		76B5E05125013A5D00F530BD = {
			isa = PBXGroup;
			children = (
				76B5E05C25013A5D00F530BD /* MetricsTest */,
				76B5E05B25013A5D00F530BD /* Products */,
			);
			sourceTree = "<group>";
		};
		76B5E05B25013A5D00F530BD /* Products */ = {
			isa = PBXGroup;
			children = (
				76B5E05A25013A5D00F530BD /* MetricsTest.app */,
			);
			name = Products;
			sourceTree = "<group>";
		};
		76B5E05C25013A5D00F530BD /* MetricsTest */ = {
			isa = PBXGroup;
			children = (
				76B5E05D25013A5D00F530BD /* AppDelegate.swift */,
				76B5E05F25013A5D00F530BD /* SceneDelegate.swift */,
				76B5E06125013A5D00F530BD /* ViewController.swift */,
				76B5E06325013A5D00F530BD /* Main.storyboard */,
				76B5E06625013A5F00F530BD /* Assets.xcassets */,
				76B5E06825013A5F00F530BD /* LaunchScreen.storyboard */,
				76B5E06B25013A5F00F530BD /* Info.plist */,
			);
			path = MetricsTest;
			sourceTree = "<group>";
		};
/* End PBXGroup section */

/* Begin PBXNativeTarget section */
		76B5E05925013A5D00F530BD /* MetricsTest */ = {
			isa = PBXNativeTarget;
			buildConfigurationList = 76B5E06E25013A5F00F530BD /* Build configuration list for PBXNativeTarget "MetricsTest" */;
			buildPhases = (
				76B5E05625013A5D00F530BD /* Sources */,
				76B5E05725013A5D00F530BD /* Frameworks */,
				76B5E05825013A5D00F530BD /* Resources */,
			);
			buildRules = (
			);
			dependencies = (
			);
			name = MetricsTest;
			productName = MetricsTest;
			productReference = 76B5E05A25013A5D00F530BD /* MetricsTest.app */;
			productType = "com.apple.product-type.application";
		};
/* End PBXNativeTarget section */

/* Begin PBXProject section */
		76B5E05225013A5D00F530BD /* Project object */ = {
			isa = PBXProject;
			attributes = {
				LastSwiftUpdateCheck = 1170;
				LastUpgradeCheck = 1170;
				ORGANIZATIONNAME = "Тарас";
				TargetAttributes = {
					76B5E05925013A5D00F530BD = {
						CreatedOnToolsVersion = 11.7;
					};
				};
			};
			buildConfigurationList = 76B5E05525013A5D00F530BD /* Build configuration list for PBXProject "MetricsTest" */;
			compatibilityVersion = "Xcode 9.3";
			developmentRegion = en;
			hasScannedForEncodings = 0;
			knownRegions = (
				en,
				Base,
			);
			mainGroup = 76B5E05125013A5D00F530BD;
			productRefGroup = 76B5E05B25013A5D00F530BD /* Products */;
			projectDirPath = "";
			projectRoot = "";
			targets = (
				76B5E05925013A5D00F530BD /* MetricsTest */,
			);
		};
/* End PBXProject section */

/* Begin PBXResourcesBuildPhase section */
		76B5E05825013A5D00F530BD /* Resources */ = {
			isa = PBXResourcesBuildPhase;
			buildActionMask = 2147483647;
			files = (
				76B5E06A25013A5F00F530BD /* LaunchScreen.storyboard in Resources */,
				76B5E06725013A5F00F530BD /* Assets.xcassets in Resources */,
				76B5E06525013A5D00F530BD /* Main.storyboard in Resources */,
			);
			runOnlyForDeploymentPostprocessing = 0;
		};
/* End PBXResourcesBuildPhase section */

/* Begin PBXSourcesBuildPhase section */
		76B5E05625013A5D00F530BD /* Sources */ = {
			isa = PBXSourcesBuildPhase;
			buildActionMask = 2147483647;
			files = (
				76B5E06225013A5D00F530BD /* ViewController.swift in Sources */,
				76B5E05E25013A5D00F530BD /* AppDelegate.swift in Sources */,
				76B5E06025013A5D00F530BD /* SceneDelegate.swift in Sources */,
			);
			runOnlyForDeploymentPostprocessing = 0;
		};
/* End PBXSourcesBuildPhase section */

/* Begin PBXVariantGroup section */
		76B5E06325013A5D00F530BD /* Main.storyboard */ = {
			isa = PBXVariantGroup;
			children = (
				76B5E06425013A5D00F530BD /* Base */,
			);
			name = Main.storyboard;
			sourceTree = "<group>";
		};
		76B5E06825013A5F00F530BD /* LaunchScreen.storyboard */ = {
			isa = PBXVariantGroup;
			children = (
				76B5E06925013A5F00F530BD /* Base */,
			);
			name = LaunchScreen.storyboard;
			sourceTree = "<group>";
		};
/* End PBXVariantGroup section */

/* Begin XCBuildConfiguration section */
		76B5E06C25013A5F00F530BD /* Debug */ = {
			isa = XCBuildConfiguration;
			buildSettings = {
				ALWAYS_SEARCH_USER_PATHS = NO;
				CLANG_ANALYZER_NONNULL = YES;
				CLANG_ANALYZER_NUMBER_OBJECT_CONVERSION = YES_AGGRESSIVE;
				CLANG_CXX_LANGUAGE_STANDARD = "gnu++14";
				CLANG_CXX_LIBRARY = "libc++";
				CLANG_ENABLE_MODULES = YES;
				CLANG_ENABLE_OBJC_ARC = YES;
				CLANG_ENABLE_OBJC_WEAK = YES;
				CLANG_WARN_BLOCK_CAPTURE_AUTORELEASING = YES;
				CLANG_WARN_BOOL_CONVERSION = YES;
				CLANG_WARN_COMMA = YES;
				CLANG_WARN_CONSTANT_CONVERSION = YES;
				CLANG_WARN_DEPRECATED_OBJC_IMPLEMENTATIONS = YES;
				CLANG_WARN_DIRECT_OBJC_ISA_USAGE = YES_ERROR;
				CLANG_WARN_DOCUMENTATION_COMMENTS = YES;
				CLANG_WARN_EMPTY_BODY = YES;
				CLANG_WARN_ENUM_CONVERSION = YES;
				CLANG_WARN_INFINITE_RECURSION = YES;
				CLANG_WARN_INT_CONVERSION = YES;
				CLANG_WARN_NON_LITERAL_NULL_CONVERSION = YES;
				CLANG_WARN_OBJC_IMPLICIT_RETAIN_SELF = YES;
				CLANG_WARN_OBJC_LITERAL_CONVERSION = YES;
				CLANG_WARN_OBJC_ROOT_CLASS = YES_ERROR;
				CLANG_WARN_RANGE_LOOP_ANALYSIS = YES;
				CLANG_WARN_STRICT_PROTOTYPES = YES;
				CLANG_WARN_SUSPICIOUS_MOVE = YES;
				CLANG_WARN_UNGUARDED_AVAILABILITY = YES_AGGRESSIVE;
				CLANG_WARN_UNREACHABLE_CODE = YES;
				CLANG_WARN__DUPLICATE_METHOD_MATCH = YES;
				COPY_PHASE_STRIP = NO;
				DEBUG_INFORMATION_FORMAT = dwarf;
				ENABLE_STRICT_OBJC_MSGSEND = YES;
				ENABLE_TESTABILITY = YES;
				GCC_C_LANGUAGE_STANDARD = gnu11;
				GCC_DYNAMIC_NO_PIC = NO;
				GCC_NO_COMMON_BLOCKS = YES;
				GCC_OPTIMIZATION_LEVEL = 0;
				GCC_PREPROCESSOR_DEFINITIONS = (
					"DEBUG=1",
					"$(inherited)",
				);
				GCC_WARN_64_TO_32_BIT_CONVERSION = YES;
				GCC_WARN_ABOUT_RETURN_TYPE = YES_ERROR;
				GCC_WARN_UNDECLARED_SELECTOR = YES;
				GCC_WARN_UNINITIALIZED_AUTOS = YES_AGGRESSIVE;
				GCC_WARN_UNUSED_FUNCTION = YES;
				GCC_WARN_UNUSED_VARIABLE = YES;
				IPHONEOS_DEPLOYMENT_TARGET = 13.7;
				MTL_ENABLE_DEBUG_INFO = INCLUDE_SOURCE;
				MTL_FAST_MATH = YES;
				ONLY_ACTIVE_ARCH = YES;
				SDKROOT = iphoneos;
				SWIFT_ACTIVE_COMPILATION_CONDITIONS = DEBUG;
				SWIFT_OPTIMIZATION_LEVEL = "-Onone";
			};
			name = Debug;
		};
		76B5E06D25013A5F00F530BD /* Release */ = {
			isa = XCBuildConfiguration;
			buildSettings = {
				ALWAYS_SEARCH_USER_PATHS = NO;
				CLANG_ANALYZER_NONNULL = YES;
				CLANG_ANALYZER_NUMBER_OBJECT_CONVERSION = YES_AGGRESSIVE;
				CLANG_CXX_LANGUAGE_STANDARD = "gnu++14";
				CLANG_CXX_LIBRARY = "libc++";
				CLANG_ENABLE_MODULES = YES;
				CLANG_ENABLE_OBJC_ARC = YES;
				CLANG_ENABLE_OBJC_WEAK = YES;
				CLANG_WARN_BLOCK_CAPTURE_AUTORELEASING = YES;
				CLANG_WARN_BOOL_CONVERSION = YES;
				CLANG_WARN_COMMA = YES;
				CLANG_WARN_CONSTANT_CONVERSION = YES;
				CLANG_WARN_DEPRECATED_OBJC_IMPLEMENTATIONS = YES;
				CLANG_WARN_DIRECT_OBJC_ISA_USAGE = YES_ERROR;
				CLANG_WARN_DOCUMENTATION_COMMENTS = YES;
				CLANG_WARN_EMPTY_BODY = YES;
				CLANG_WARN_ENUM_CONVERSION = YES;
				CLANG_WARN_INFINITE_RECURSION = YES;
				CLANG_WARN_INT_CONVERSION = YES;
				CLANG_WARN_NON_LITERAL_NULL_CONVERSION = YES;
				CLANG_WARN_OBJC_IMPLICIT_RETAIN_SELF = YES;
				CLANG_WARN_OBJC_LITERAL_CONVERSION = YES;
				CLANG_WARN_OBJC_ROOT_CLASS = YES_ERROR;
				CLANG_WARN_RANGE_LOOP_ANALYSIS = YES;
				CLANG_WARN_STRICT_PROTOTYPES = YES;
				CLANG_WARN_SUSPICIOUS_MOVE = YES;
				CLANG_WARN_UNGUARDED_AVAILABILITY = YES_AGGRESSIVE;
				CLANG_WARN_UNREACHABLE_CODE = YES;
				CLANG_WARN__DUPLICATE_METHOD_MATCH = YES;
				COPY_PHASE_STRIP = NO;
				DEBUG_INFORMATION_FORMAT = "dwarf-with-dsym";
				ENABLE_NS_ASSERTIONS = NO;
				ENABLE_STRICT_OBJC_MSGSEND = YES;
				GCC_C_LANGUAGE_STANDARD = gnu11;
				GCC_NO_COMMON_BLOCKS = YES;
				GCC_WARN_64_TO_32_BIT_CONVERSION = YES;
				GCC_WARN_ABOUT_RETURN_TYPE = YES_ERROR;
				GCC_WARN_UNDECLARED_SELECTOR = YES;
				GCC_WARN_UNINITIALIZED_AUTOS = YES_AGGRESSIVE;
				GCC_WARN_UNUSED_FUNCTION = YES;
				GCC_WARN_UNUSED_VARIABLE = YES;
				IPHONEOS_DEPLOYMENT_TARGET = 13.7;
				MTL_ENABLE_DEBUG_INFO = NO;
				MTL_FAST_MATH = YES;
				SDKROOT = iphoneos;
				SWIFT_COMPILATION_MODE = wholemodule;
				SWIFT_OPTIMIZATION_LEVEL = "-O";
				VALIDATE_PRODUCT = YES;
			};
			name = Release;
		};
		76B5E06F25013A5F00F530BD /* Debug */ = {
			isa = XCBuildConfiguration;
			buildSettings = {
				ASSETCATALOG_COMPILER_APPICON_NAME = AppIcon;
				CODE_SIGN_STYLE = Automatic;
				DEVELOPMENT_TEAM = 55CQ7XM2HV;
				INFOPLIST_FILE = MetricsTest/Info.plist;
				LD_RUNPATH_SEARCH_PATHS = (
					"$(inherited)",
					"@executable_path/Frameworks",
				);
				PRODUCT_BUNDLE_IDENTIFIER = com.tarastansky.MetricsTest;
				PRODUCT_NAME = "$(TARGET_NAME)";
				SWIFT_VERSION = 5.0;
				TARGETED_DEVICE_FAMILY = "1,2";
			};
			name = Debug;
		};
		76B5E07025013A5F00F530BD /* Release */ = {
			isa = XCBuildConfiguration;
			buildSettings = {
				ASSETCATALOG_COMPILER_APPICON_NAME = AppIcon;
				CODE_SIGN_STYLE = Automatic;
				DEVELOPMENT_TEAM = 55CQ7XM2HV;
				INFOPLIST_FILE = MetricsTest/Info.plist;
				LD_RUNPATH_SEARCH_PATHS = (
					"$(inherited)",
					"@executable_path/Frameworks",
				);
				PRODUCT_BUNDLE_IDENTIFIER = com.tarastansky.MetricsTest;
				PRODUCT_NAME = "$(TARGET_NAME)";
				SWIFT_VERSION = 5.0;
				TARGETED_DEVICE_FAMILY = "1,2";
			};
			name = Release;
		};
/* End XCBuildConfiguration section */

/* Begin XCConfigurationList section */
		76B5E05525013A5D00F530BD /* Build configuration list for PBXProject "MetricsTest" */ = {
			isa = XCConfigurationList;
			buildConfigurations = (
				76B5E06C25013A5F00F530BD /* Debug */,
				76B5E06D25013A5F00F530BD /* Release */,
			);
			defaultConfigurationIsVisible = 0;
			defaultConfigurationName = Release;
		};
		76B5E06E25013A5F00F530BD /* Build configuration list for PBXNativeTarget "MetricsTest" */ = {
			isa = XCConfigurationList;
			buildConfigurations = (
				76B5E06F25013A5F00F530BD /* Debug */,
				76B5E07025013A5F00F530BD /* Release */,
			);
			defaultConfigurationIsVisible = 0;
			defaultConfigurationName = Release;
		};
/* End XCConfigurationList section */
	};
	rootObject = 76B5E05225013A5D00F530BD /* Project object */;
}
